{
  "name": "example-project",
  "version": "1.0.0",
  "lockfileVersion": 2,
  "requires": true,
  "dependencies": {
    "requests": {
      "version": "2.19.1",
      "resolved": "https://registry.npmjs.org/requests/-/requests-2.19.1.tgz",
      "integrity": "sha512-abc123...",
      "requires": {
        "urllib3": "1.24.1"
      }
    },
    "urllib3": {
      "version": "1.24.1",
      "resolved": "https://registry.npmjs.org/urllib3/-/urllib3-1.24.1.tgz",
      "integrity": "sha512-def456..."
    },
    "lodash": {
      "version": "4.17.11",
      "resolved": "https://registry.npmjs.org/lodash/-/lodash-4.17.11.tgz",
      "integrity": "sha512-ghi789..."
    }
  }
}
